
Microsoft Visual Studio Solution File, Format Version 12.00
Project("{2150E333-8FDC-42A3-9474-1A3956D46DE8}") = "src", "src", "{31068C09-173A-495E-837A-A545E2302B9B}"
EndProject
Project("{2150E333-8FDC-42A3-9474-1A3956D46DE8}") = "tests", "tests", "{7EE67467-D3B2-4426-82C6-C7F9C426A48C}"
EndProject
Project("{2150E333-8FDC-42A3-9474-1A3956D46DE8}") = "samples", "samples", "{52AFD07B-EE1F-46C2-AD21-9C67E5E459F5}"
EndProject
Project("{2150E333-8FDC-42A3-9474-1A3956D46DE8}") = "docs", "docs", "{AD68AFF9-BF5A-4CA0-A6CC-6FDC4B44D6CC}"
EndProject
Project("{FAE04EC0-301F-11D3-BF4B-00C04F79EFBC}") = "QueryCraft.Core", "QueryCraft.Core\QueryCraft.Core.csproj", "{A54BDE84-7EEB-43CD-8AF2-AF6F86D4F7BE}"
EndProject
Project("{FAE04EC0-301F-11D3-BF4B-00C04F79EFBC}") = "QueryCraft.Adapters", "QueryCraft.Adapters\QueryCraft.Adapters.csproj", "{B2C1DFF9-E978-4F49-8665-A1BFE431A43B}"
EndProject
Project("{FAE04EC0-301F-11D3-BF4B-00C04F79EFBC}") = "QueryCraft.Parsing", "QueryCraft.Parsing\QueryCraft.Parsing.csproj", "{820A757D-BFB7-48C0-91E0-EAEA9F9AD461}"
EndProject
Project("{FAE04EC0-301F-11D3-BF4B-00C04F79EFBC}") = "QueryCraft.Fluent", "QueryCraft.Fluent\QueryCraft.Fluent.csproj", "{5C90DCD3-8A4A-43CB-9C41-50B6B5F413F4}"
EndProject
Project("{FAE04EC0-301F-11D3-BF4B-00C04F79EFBC}") = "QueryCraft.Formatters", "QueryCraft.Formatters\QueryCraft.Formatters.csproj", "{9FA8631B-7B4A-439A-9491-D16B5E15452F}"
EndProject
Project("{FAE04EC0-301F-11D3-BF4B-00C04F79EFBC}") = "QueryCraft.Configurations", "QueryCraft.Configurations\QueryCraft.Configurations.csproj", "{7DCBC7F0-6388-4F1A-8DB4-4EB031B65B9B}"
EndProject
Global
	GlobalSection(SolutionConfigurationPlatforms) = preSolution
		Debug|Any CPU = Debug|Any CPU
		Release|Any CPU = Release|Any CPU
	EndGlobalSection
	GlobalSection(NestedProjects) = preSolution
		{A54BDE84-7EEB-43CD-8AF2-AF6F86D4F7BE} = {31068C09-173A-495E-837A-A545E2302B9B}
		{B2C1DFF9-E978-4F49-8665-A1BFE431A43B} = {31068C09-173A-495E-837A-A545E2302B9B}
		{820A757D-BFB7-48C0-91E0-EAEA9F9AD461} = {31068C09-173A-495E-837A-A545E2302B9B}
		{5C90DCD3-8A4A-43CB-9C41-50B6B5F413F4} = {31068C09-173A-495E-837A-A545E2302B9B}
		{9FA8631B-7B4A-439A-9491-D16B5E15452F} = {31068C09-173A-495E-837A-A545E2302B9B}
		{7DCBC7F0-6388-4F1A-8DB4-4EB031B65B9B} = {31068C09-173A-495E-837A-A545E2302B9B}
	EndGlobalSection
	GlobalSection(ProjectConfigurationPlatforms) = postSolution
		{A54BDE84-7EEB-43CD-8AF2-AF6F86D4F7BE}.Debug|Any CPU.ActiveCfg = Debug|Any CPU
		{A54BDE84-7EEB-43CD-8AF2-AF6F86D4F7BE}.Debug|Any CPU.Build.0 = Debug|Any CPU
		{A54BDE84-7EEB-43CD-8AF2-AF6F86D4F7BE}.Release|Any CPU.ActiveCfg = Release|Any CPU
		{A54BDE84-7EEB-43CD-8AF2-AF6F86D4F7BE}.Release|Any CPU.Build.0 = Release|Any CPU
		{B2C1DFF9-E978-4F49-8665-A1BFE431A43B}.Debug|Any CPU.ActiveCfg = Debug|Any CPU
		{B2C1DFF9-E978-4F49-8665-A1BFE431A43B}.Debug|Any CPU.Build.0 = Debug|Any CPU
		{B2C1DFF9-E978-4F49-8665-A1BFE431A43B}.Release|Any CPU.ActiveCfg = Release|Any CPU
		{B2C1DFF9-E978-4F49-8665-A1BFE431A43B}.Release|Any CPU.Build.0 = Release|Any CPU
		{820A757D-BFB7-48C0-91E0-EAEA9F9AD461}.Debug|Any CPU.ActiveCfg = Debug|Any CPU
		{820A757D-BFB7-48C0-91E0-EAEA9F9AD461}.Debug|Any CPU.Build.0 = Debug|Any CPU
		{820A757D-BFB7-48C0-91E0-EAEA9F9AD461}.Release|Any CPU.ActiveCfg = Release|Any CPU
		{820A757D-BFB7-48C0-91E0-EAEA9F9AD461}.Release|Any CPU.Build.0 = Release|Any CPU
		{5C90DCD3-8A4A-43CB-9C41-50B6B5F413F4}.Debug|Any CPU.ActiveCfg = Debug|Any CPU
		{5C90DCD3-8A4A-43CB-9C41-50B6B5F413F4}.Debug|Any CPU.Build.0 = Debug|Any CPU
		{5C90DCD3-8A4A-43CB-9C41-50B6B5F413F4}.Release|Any CPU.ActiveCfg = Release|Any CPU
		{5C90DCD3-8A4A-43CB-9C41-50B6B5F413F4}.Release|Any CPU.Build.0 = Release|Any CPU
		{9FA8631B-7B4A-439A-9491-D16B5E15452F}.Debug|Any CPU.ActiveCfg = Debug|Any CPU
		{9FA8631B-7B4A-439A-9491-D16B5E15452F}.Debug|Any CPU.Build.0 = Debug|Any CPU
		{9FA8631B-7B4A-439A-9491-D16B5E15452F}.Release|Any CPU.ActiveCfg = Release|Any CPU
		{9FA8631B-7B4A-439A-9491-D16B5E15452F}.Release|Any CPU.Build.0 = Release|Any CPU
		{7DCBC7F0-6388-4F1A-8DB4-4EB031B65B9B}.Debug|Any CPU.ActiveCfg = Debug|Any CPU
		{7DCBC7F0-6388-4F1A-8DB4-4EB031B65B9B}.Debug|Any CPU.Build.0 = Debug|Any CPU
		{7DCBC7F0-6388-4F1A-8DB4-4EB031B65B9B}.Release|Any CPU.ActiveCfg = Release|Any CPU
		{7DCBC7F0-6388-4F1A-8DB4-4EB031B65B9B}.Release|Any CPU.Build.0 = Release|Any CPU
	EndGlobalSection
EndGlobal
